
Microsoft Visual Studio Solution File, Format Version 12.00
# Visual Studio Version 17
VisualStudioVersion = 17.10.35122.118
MinimumVisualStudioVersion = 10.0.40219.1
Project("{FAE04EC0-301F-11D3-BF4B-00C04F79EFBC}") = "PrimeiroMVC", "PrimeiroMVC\PrimeiroMVC.csproj", "{731C6DC8-72DF-47A3-8B61-25DAD397208A}"
EndProject
Global
	GlobalSection(SolutionConfigurationPlatforms) = preSolution
		Debug|Any CPU = Debug|Any CPU
		Release|Any CPU = Release|Any CPU
	EndGlobalSection
	GlobalSection(ProjectConfigurationPlatforms) = postSolution
		{731C6DC8-72DF-47A3-8B61-25DAD397208A}.Debug|Any CPU.ActiveCfg = Debug|Any CPU
		{731C6DC8-72DF-47A3-8B61-25DAD397208A}.Debug|Any CPU.Build.0 = Debug|Any CPU
		{731C6DC8-72DF-47A3-8B61-25DAD397208A}.Release|Any CPU.ActiveCfg = Release|Any CPU
		{731C6DC8-72DF-47A3-8B61-25DAD397208A}.Release|Any CPU.Build.0 = Release|Any CPU
	EndGlobalSection
	GlobalSection(SolutionProperties) = preSolution
		HideSolutionNode = FALSE
	EndGlobalSection
	GlobalSection(ExtensibilityGlobals) = postSolution
		SolutionGuid = {825730DF-DF34-4A08-AF8A-9BA3829DAEBC}
	EndGlobalSection
EndGlobal
